
Microsoft Visual Studio Solution File, Format Version 12.00
# Visual Studio Version 16
VisualStudioVersion = 16.0.34601.136
MinimumVisualStudioVersion = 10.0.40219.1
Project("{FAE04EC0-301F-11D3-BF4B-00C04F79EFBC}") = "TextEncryptionDecryption", "TextEncryptionDecryption\TextEncryptionDecryption.csproj", "{7D39B6B6-FECE-4616-B62E-FFEB1FEF1949}"
EndProject
Global
	GlobalSection(SolutionConfigurationPlatforms) = preSolution
		Debug|Any CPU = Debug|Any CPU
		Release|Any CPU = Release|Any CPU
	EndGlobalSection
	GlobalSection(ProjectConfigurationPlatforms) = postSolution
		{7D39B6B6-FECE-4616-B62E-FFEB1FEF1949}.Debug|Any CPU.ActiveCfg = Debug|Any CPU
		{7D39B6B6-FECE-4616-B62E-FFEB1FEF1949}.Debug|Any CPU.Build.0 = Debug|Any CPU
		{7D39B6B6-FECE-4616-B62E-FFEB1FEF1949}.Release|Any CPU.ActiveCfg = Release|Any CPU
		{7D39B6B6-FECE-4616-B62E-FFEB1FEF1949}.Release|Any CPU.Build.0 = Release|Any CPU
	EndGlobalSection
	GlobalSection(SolutionProperties) = preSolution
		HideSolutionNode = FALSE
	EndGlobalSection
	GlobalSection(ExtensibilityGlobals) = postSolution
		SolutionGuid = {4C156FC0-5F3C-4EA8-809D-F9C45240E1FC}
	EndGlobalSection
EndGlobal
